
Microsoft Visual Studio Solution File, Format Version 12.00
# Visual Studio Version 17
VisualStudioVersion = 17.9.34728.123
MinimumVisualStudioVersion = 10.0.40219.1
Project("{9A19103F-16F7-4668-BE54-9A1E7A4F7556}") = "AwosFramework.Scraping.Hosting", "AwosFramework.Scraping.Hosting\AwosFramework.Scraping.Hosting.csproj", "{A317A559-7F86-4C9A-9FA3-6087E1590961}"
EndProject
Project("{9A19103F-16F7-4668-BE54-9A1E7A4F7556}") = "AwosFramework.Scraping", "AwosFramework.Scraping\AwosFramework.Scraping.csproj", "{48A5DE4B-8CBD-46F4-BE65-F25896E94AA4}"
EndProject
Project("{9A19103F-16F7-4668-BE54-9A1E7A4F7556}") = "AwosFramework.Scraping.Extensions.ReInject", "AwosFramework.Scraping.Extensions.ReInject\AwosFramework.Scraping.Extensions.ReInject.csproj", "{553CF3EE-484A-4714-A9D9-6DAD6C44F8B8}"
EndProject
Project("{9A19103F-16F7-4668-BE54-9A1E7A4F7556}") = "AwosFramework.Scraping.GeniusExample", "AwosFramework.Scraping.Example\AwosFramework.Scraping.GeniusExample.csproj", "{7C7D395E-A140-4277-B3CC-299FB4AD38B9}"
EndProject
Project("{2150E333-8FDC-42A3-9474-1A3956D46DE8}") = "Examples", "Examples", "{137F8A6B-829A-48D8-81FB-0D171F92A28C}"
EndProject
Project("{9A19103F-16F7-4668-BE54-9A1E7A4F7556}") = "AwosFramework.Scraping.DepthBasedScraper", "AwosFramework.Scraping.DepthBasedScraper\AwosFramework.Scraping.DepthBasedScraper.csproj", "{3BBC3FC6-8E2D-459B-A2D2-86231964D1C8}"
EndProject
Project("{FAE04EC0-301F-11D3-BF4B-00C04F79EFBC}") = "AwosFramework.Scraping.PuppeteerRequestor", "AwosFramework.Scraping.Puppeteer\AwosFramework.Scraping.PuppeteerRequestor.csproj", "{EF307BBC-7BBF-4CE1-9173-C95F137A3C4B}"
EndProject
Global
	GlobalSection(SolutionConfigurationPlatforms) = preSolution
		Debug|Any CPU = Debug|Any CPU
		Release|Any CPU = Release|Any CPU
	EndGlobalSection
	GlobalSection(ProjectConfigurationPlatforms) = postSolution
		{A317A559-7F86-4C9A-9FA3-6087E1590961}.Debug|Any CPU.ActiveCfg = Debug|Any CPU
		{A317A559-7F86-4C9A-9FA3-6087E1590961}.Debug|Any CPU.Build.0 = Debug|Any CPU
		{A317A559-7F86-4C9A-9FA3-6087E1590961}.Release|Any CPU.ActiveCfg = Release|Any CPU
		{A317A559-7F86-4C9A-9FA3-6087E1590961}.Release|Any CPU.Build.0 = Release|Any CPU
		{48A5DE4B-8CBD-46F4-BE65-F25896E94AA4}.Debug|Any CPU.ActiveCfg = Debug|Any CPU
		{48A5DE4B-8CBD-46F4-BE65-F25896E94AA4}.Debug|Any CPU.Build.0 = Debug|Any CPU
		{48A5DE4B-8CBD-46F4-BE65-F25896E94AA4}.Release|Any CPU.ActiveCfg = Release|Any CPU
		{48A5DE4B-8CBD-46F4-BE65-F25896E94AA4}.Release|Any CPU.Build.0 = Release|Any CPU
		{553CF3EE-484A-4714-A9D9-6DAD6C44F8B8}.Debug|Any CPU.ActiveCfg = Debug|Any CPU
		{553CF3EE-484A-4714-A9D9-6DAD6C44F8B8}.Debug|Any CPU.Build.0 = Debug|Any CPU
		{553CF3EE-484A-4714-A9D9-6DAD6C44F8B8}.Release|Any CPU.ActiveCfg = Release|Any CPU
		{553CF3EE-484A-4714-A9D9-6DAD6C44F8B8}.Release|Any CPU.Build.0 = Release|Any CPU
		{7C7D395E-A140-4277-B3CC-299FB4AD38B9}.Debug|Any CPU.ActiveCfg = Debug|Any CPU
		{7C7D395E-A140-4277-B3CC-299FB4AD38B9}.Debug|Any CPU.Build.0 = Debug|Any CPU
		{7C7D395E-A140-4277-B3CC-299FB4AD38B9}.Release|Any CPU.ActiveCfg = Release|Any CPU
		{7C7D395E-A140-4277-B3CC-299FB4AD38B9}.Release|Any CPU.Build.0 = Release|Any CPU
		{3BBC3FC6-8E2D-459B-A2D2-86231964D1C8}.Debug|Any CPU.ActiveCfg = Debug|Any CPU
		{3BBC3FC6-8E2D-459B-A2D2-86231964D1C8}.Debug|Any CPU.Build.0 = Debug|Any CPU
		{3BBC3FC6-8E2D-459B-A2D2-86231964D1C8}.Release|Any CPU.ActiveCfg = Release|Any CPU
		{3BBC3FC6-8E2D-459B-A2D2-86231964D1C8}.Release|Any CPU.Build.0 = Release|Any CPU
		{EF307BBC-7BBF-4CE1-9173-C95F137A3C4B}.Debug|Any CPU.ActiveCfg = Debug|Any CPU
		{EF307BBC-7BBF-4CE1-9173-C95F137A3C4B}.Debug|Any CPU.Build.0 = Debug|Any CPU
		{EF307BBC-7BBF-4CE1-9173-C95F137A3C4B}.Release|Any CPU.ActiveCfg = Release|Any CPU
		{EF307BBC-7BBF-4CE1-9173-C95F137A3C4B}.Release|Any CPU.Build.0 = Release|Any CPU
	EndGlobalSection
	GlobalSection(SolutionProperties) = preSolution
		HideSolutionNode = FALSE
	EndGlobalSection
	GlobalSection(NestedProjects) = preSolution
		{7C7D395E-A140-4277-B3CC-299FB4AD38B9} = {137F8A6B-829A-48D8-81FB-0D171F92A28C}
		{3BBC3FC6-8E2D-459B-A2D2-86231964D1C8} = {137F8A6B-829A-48D8-81FB-0D171F92A28C}
	EndGlobalSection
	GlobalSection(ExtensibilityGlobals) = postSolution
		SolutionGuid = {A007EE9D-CF53-4BF3-9FA4-68D36035F602}
	EndGlobalSection
EndGlobal
